
Microsoft Visual Studio Solution File, Format Version 12.00
# Visual Studio Version 17
VisualStudioVersion = 17.9.34407.89
MinimumVisualStudioVersion = 10.0.40219.1
Project("{9A19103F-16F7-4668-BE54-9A1E7A4F7556}") = "CrudApp", "CrudApp\CrudApp.csproj", "{1F122E45-126E-40C6-B3E7-7D333A4B85C1}"
EndProject
Global
	GlobalSection(SolutionConfigurationPlatforms) = preSolution
		Debug|Any CPU = Debug|Any CPU
		Release|Any CPU = Release|Any CPU
	EndGlobalSection
	GlobalSection(ProjectConfigurationPlatforms) = postSolution
		{1F122E45-126E-40C6-B3E7-7D333A4B85C1}.Debug|Any CPU.ActiveCfg = Debug|Any CPU
		{1F122E45-126E-40C6-B3E7-7D333A4B85C1}.Debug|Any CPU.Build.0 = Debug|Any CPU
		{1F122E45-126E-40C6-B3E7-7D333A4B85C1}.Release|Any CPU.ActiveCfg = Release|Any CPU
		{1F122E45-126E-40C6-B3E7-7D333A4B85C1}.Release|Any CPU.Build.0 = Release|Any CPU
	EndGlobalSection
	GlobalSection(SolutionProperties) = preSolution
		HideSolutionNode = FALSE
	EndGlobalSection
	GlobalSection(ExtensibilityGlobals) = postSolution
		SolutionGuid = {6644E07B-D786-48CF-8BA4-FB0D61B47554}
	EndGlobalSection
EndGlobal
